
Microsoft Visual Studio Solution File, Format Version 12.00
# Visual Studio 2013
VisualStudioVersion = 12.0.30110.0
MinimumVisualStudioVersion = 10.0.40219.1
Project("{FAE04EC0-301F-11D3-BF4B-00C04F79EFBC}") = "ProductList", "ProductList.csproj", "{1DDF1F26-6796-4A6F-B7AD-7E599A860176}"
EndProject
Project("{FAE04EC0-301F-11D3-BF4B-00C04F79EFBC}") = "ProductDetails", "..\ProductDetails\ProductDetails.csproj", "{C3522C88-07C3-46D7-BB54-B32ED414585C}"
EndProject
Project("{FAE04EC0-301F-11D3-BF4B-00C04F79EFBC}") = "ImportProducts", "..\..\..\..\..\Projects\Cowrie\ImportProducts\ImportProducts\ImportProducts.csproj", "{B959AB91-9CB9-42F1-AAE7-D779EB689875}"
EndProject
Project("{FAE04EC0-301F-11D3-BF4B-00C04F79EFBC}") = "SelectedHotelsModel", "..\..\..\..\..\Projects\Cowrie\SelectedHotelsModel\SelectedHotelsModel.csproj", "{58ED5699-0CE6-4868-9876-F99D40899857}"
EndProject
Project("{FAE04EC0-301F-11D3-BF4B-00C04F79EFBC}") = "Common", "..\..\..\..\..\Projects\Cowrie\Common\Common.csproj", "{17F13398-02F4-43E3-9343-1191C2372CC9}"
EndProject
Project("{FAE04EC0-301F-11D3-BF4B-00C04F79EFBC}") = "ProductDetails_OpenUrlRewriter", "..\..\..\..\..\Projects\Cowrie\ProductDetails_OpenUrlRewriter\ProductDetails_OpenUrlRewriter.csproj", "{8B2CBA4D-2ACA-47B5-BE47-3900F41A79CA}"
EndProject
Project("{FAE04EC0-301F-11D3-BF4B-00C04F79EFBC}") = "ExportClothes", "..\..\..\..\..\Projects\Cowrie\ExportClothes\ExportClothes.csproj", "{612F0D96-94AF-4ED6-B3ED-E06388FE8D46}"
	ProjectSection(ProjectDependencies) = postProject
		{58ED5699-0CE6-4868-9876-F99D40899857} = {58ED5699-0CE6-4868-9876-F99D40899857}
	EndProjectSection
EndProject
Project("{FAE04EC0-301F-11D3-BF4B-00C04F79EFBC}") = "FillHotelGeoLocations", "..\..\..\..\..\Projects\Cowrie\FillHotelGeoLocations\FillHotelGeoLocations.csproj", "{9C4A6B0C-A823-4C2C-BEB9-533DDC1F40A2}"
EndProject
Global
	GlobalSection(SolutionConfigurationPlatforms) = preSolution
		Debug|Any CPU = Debug|Any CPU
		Debug|Mixed Platforms = Debug|Mixed Platforms
		Debug|x64 = Debug|x64
		Debug|x86 = Debug|x86
		Release|Any CPU = Release|Any CPU
		Release|Mixed Platforms = Release|Mixed Platforms
		Release|x64 = Release|x64
		Release|x86 = Release|x86
	EndGlobalSection
	GlobalSection(ProjectConfigurationPlatforms) = postSolution
		{1DDF1F26-6796-4A6F-B7AD-7E599A860176}.Debug|Any CPU.ActiveCfg = Debug|Any CPU
		{1DDF1F26-6796-4A6F-B7AD-7E599A860176}.Debug|Any CPU.Build.0 = Debug|Any CPU
		{1DDF1F26-6796-4A6F-B7AD-7E599A860176}.Debug|Mixed Platforms.ActiveCfg = Debug|Any CPU
		{1DDF1F26-6796-4A6F-B7AD-7E599A860176}.Debug|Mixed Platforms.Build.0 = Debug|Any CPU
		{1DDF1F26-6796-4A6F-B7AD-7E599A860176}.Debug|x64.ActiveCfg = Debug|Any CPU
		{1DDF1F26-6796-4A6F-B7AD-7E599A860176}.Debug|x64.Build.0 = Debug|Any CPU
		{1DDF1F26-6796-4A6F-B7AD-7E599A860176}.Debug|x86.ActiveCfg = Debug|Any CPU
		{1DDF1F26-6796-4A6F-B7AD-7E599A860176}.Release|Any CPU.ActiveCfg = Release|Any CPU
		{1DDF1F26-6796-4A6F-B7AD-7E599A860176}.Release|Mixed Platforms.ActiveCfg = Release|Any CPU
		{1DDF1F26-6796-4A6F-B7AD-7E599A860176}.Release|Mixed Platforms.Build.0 = Release|Any CPU
		{1DDF1F26-6796-4A6F-B7AD-7E599A860176}.Release|x64.ActiveCfg = Release|Any CPU
		{1DDF1F26-6796-4A6F-B7AD-7E599A860176}.Release|x86.ActiveCfg = Release|Any CPU
		{C3522C88-07C3-46D7-BB54-B32ED414585C}.Debug|Any CPU.ActiveCfg = Debug|Any CPU
		{C3522C88-07C3-46D7-BB54-B32ED414585C}.Debug|Any CPU.Build.0 = Debug|Any CPU
		{C3522C88-07C3-46D7-BB54-B32ED414585C}.Debug|Mixed Platforms.ActiveCfg = Debug|Any CPU
		{C3522C88-07C3-46D7-BB54-B32ED414585C}.Debug|Mixed Platforms.Build.0 = Debug|Any CPU
		{C3522C88-07C3-46D7-BB54-B32ED414585C}.Debug|x64.ActiveCfg = Debug|Any CPU
		{C3522C88-07C3-46D7-BB54-B32ED414585C}.Debug|x64.Build.0 = Debug|Any CPU
		{C3522C88-07C3-46D7-BB54-B32ED414585C}.Debug|x86.ActiveCfg = Debug|Any CPU
		{C3522C88-07C3-46D7-BB54-B32ED414585C}.Release|Any CPU.ActiveCfg = Release|Any CPU
		{C3522C88-07C3-46D7-BB54-B32ED414585C}.Release|Any CPU.Build.0 = Release|Any CPU
		{C3522C88-07C3-46D7-BB54-B32ED414585C}.Release|Mixed Platforms.ActiveCfg = Release|Any CPU
		{C3522C88-07C3-46D7-BB54-B32ED414585C}.Release|Mixed Platforms.Build.0 = Release|Any CPU
		{C3522C88-07C3-46D7-BB54-B32ED414585C}.Release|x64.ActiveCfg = Release|Any CPU
		{C3522C88-07C3-46D7-BB54-B32ED414585C}.Release|x86.ActiveCfg = Release|Any CPU
		{B959AB91-9CB9-42F1-AAE7-D779EB689875}.Debug|Any CPU.ActiveCfg = Debug|x86
		{B959AB91-9CB9-42F1-AAE7-D779EB689875}.Debug|Mixed Platforms.ActiveCfg = Debug|x86
		{B959AB91-9CB9-42F1-AAE7-D779EB689875}.Debug|Mixed Platforms.Build.0 = Debug|x86
		{B959AB91-9CB9-42F1-AAE7-D779EB689875}.Debug|x64.ActiveCfg = Debug|x64
		{B959AB91-9CB9-42F1-AAE7-D779EB689875}.Debug|x64.Build.0 = Debug|x64
		{B959AB91-9CB9-42F1-AAE7-D779EB689875}.Debug|x86.ActiveCfg = Debug|x86
		{B959AB91-9CB9-42F1-AAE7-D779EB689875}.Debug|x86.Build.0 = Debug|x86
		{B959AB91-9CB9-42F1-AAE7-D779EB689875}.Release|Any CPU.ActiveCfg = Release|x86
		{B959AB91-9CB9-42F1-AAE7-D779EB689875}.Release|Mixed Platforms.ActiveCfg = Release|x86
		{B959AB91-9CB9-42F1-AAE7-D779EB689875}.Release|Mixed Platforms.Build.0 = Release|x86
		{B959AB91-9CB9-42F1-AAE7-D779EB689875}.Release|x64.ActiveCfg = Release|x64
		{B959AB91-9CB9-42F1-AAE7-D779EB689875}.Release|x64.Build.0 = Release|x64
		{B959AB91-9CB9-42F1-AAE7-D779EB689875}.Release|x86.ActiveCfg = Release|x86
		{B959AB91-9CB9-42F1-AAE7-D779EB689875}.Release|x86.Build.0 = Release|x86
		{58ED5699-0CE6-4868-9876-F99D40899857}.Debug|Any CPU.ActiveCfg = Debug|Any CPU
		{58ED5699-0CE6-4868-9876-F99D40899857}.Debug|Any CPU.Build.0 = Debug|Any CPU
		{58ED5699-0CE6-4868-9876-F99D40899857}.Debug|Mixed Platforms.ActiveCfg = Debug|Any CPU
		{58ED5699-0CE6-4868-9876-F99D40899857}.Debug|Mixed Platforms.Build.0 = Debug|Any CPU
		{58ED5699-0CE6-4868-9876-F99D40899857}.Debug|x64.ActiveCfg = Debug|Any CPU
		{58ED5699-0CE6-4868-9876-F99D40899857}.Debug|x64.Build.0 = Debug|Any CPU
		{58ED5699-0CE6-4868-9876-F99D40899857}.Debug|x86.ActiveCfg = Debug|Any CPU
		{58ED5699-0CE6-4868-9876-F99D40899857}.Release|Any CPU.ActiveCfg = Release|Any CPU
		{58ED5699-0CE6-4868-9876-F99D40899857}.Release|Any CPU.Build.0 = Release|Any CPU
		{58ED5699-0CE6-4868-9876-F99D40899857}.Release|Mixed Platforms.ActiveCfg = Release|Any CPU
		{58ED5699-0CE6-4868-9876-F99D40899857}.Release|Mixed Platforms.Build.0 = Release|Any CPU
		{58ED5699-0CE6-4868-9876-F99D40899857}.Release|x64.ActiveCfg = Release|Any CPU
		{58ED5699-0CE6-4868-9876-F99D40899857}.Release|x86.ActiveCfg = Release|Any CPU
		{17F13398-02F4-43E3-9343-1191C2372CC9}.Debug|Any CPU.ActiveCfg = Debug|Any CPU
		{17F13398-02F4-43E3-9343-1191C2372CC9}.Debug|Any CPU.Build.0 = Debug|Any CPU
		{17F13398-02F4-43E3-9343-1191C2372CC9}.Debug|Mixed Platforms.ActiveCfg = Debug|Any CPU
		{17F13398-02F4-43E3-9343-1191C2372CC9}.Debug|Mixed Platforms.Build.0 = Debug|Any CPU
		{17F13398-02F4-43E3-9343-1191C2372CC9}.Debug|x64.ActiveCfg = Debug|Any CPU
		{17F13398-02F4-43E3-9343-1191C2372CC9}.Debug|x64.Build.0 = Debug|Any CPU
		{17F13398-02F4-43E3-9343-1191C2372CC9}.Debug|x86.ActiveCfg = Debug|Any CPU
		{17F13398-02F4-43E3-9343-1191C2372CC9}.Release|Any CPU.ActiveCfg = Release|Any CPU
		{17F13398-02F4-43E3-9343-1191C2372CC9}.Release|Any CPU.Build.0 = Release|Any CPU
		{17F13398-02F4-43E3-9343-1191C2372CC9}.Release|Mixed Platforms.ActiveCfg = Release|Any CPU
		{17F13398-02F4-43E3-9343-1191C2372CC9}.Release|Mixed Platforms.Build.0 = Release|Any CPU
		{17F13398-02F4-43E3-9343-1191C2372CC9}.Release|x64.ActiveCfg = Release|Any CPU
		{17F13398-02F4-43E3-9343-1191C2372CC9}.Release|x86.ActiveCfg = Release|Any CPU
		{8B2CBA4D-2ACA-47B5-BE47-3900F41A79CA}.Debug|Any CPU.ActiveCfg = Debug|Any CPU
		{8B2CBA4D-2ACA-47B5-BE47-3900F41A79CA}.Debug|Any CPU.Build.0 = Debug|Any CPU
		{8B2CBA4D-2ACA-47B5-BE47-3900F41A79CA}.Debug|Mixed Platforms.ActiveCfg = Debug|Any CPU
		{8B2CBA4D-2ACA-47B5-BE47-3900F41A79CA}.Debug|Mixed Platforms.Build.0 = Debug|Any CPU
		{8B2CBA4D-2ACA-47B5-BE47-3900F41A79CA}.Debug|x64.ActiveCfg = Debug|Any CPU
		{8B2CBA4D-2ACA-47B5-BE47-3900F41A79CA}.Debug|x64.Build.0 = Debug|Any CPU
		{8B2CBA4D-2ACA-47B5-BE47-3900F41A79CA}.Debug|x86.ActiveCfg = Debug|Any CPU
		{8B2CBA4D-2ACA-47B5-BE47-3900F41A79CA}.Release|Any CPU.ActiveCfg = Release|Any CPU
		{8B2CBA4D-2ACA-47B5-BE47-3900F41A79CA}.Release|Any CPU.Build.0 = Release|Any CPU
		{8B2CBA4D-2ACA-47B5-BE47-3900F41A79CA}.Release|Mixed Platforms.ActiveCfg = Release|Any CPU
		{8B2CBA4D-2ACA-47B5-BE47-3900F41A79CA}.Release|Mixed Platforms.Build.0 = Release|Any CPU
		{8B2CBA4D-2ACA-47B5-BE47-3900F41A79CA}.Release|x64.ActiveCfg = Release|Any CPU
		{8B2CBA4D-2ACA-47B5-BE47-3900F41A79CA}.Release|x86.ActiveCfg = Release|Any CPU
		{612F0D96-94AF-4ED6-B3ED-E06388FE8D46}.Debug|Any CPU.ActiveCfg = Debug|Any CPU
		{612F0D96-94AF-4ED6-B3ED-E06388FE8D46}.Debug|Any CPU.Build.0 = Debug|Any CPU
		{612F0D96-94AF-4ED6-B3ED-E06388FE8D46}.Debug|Mixed Platforms.ActiveCfg = Debug|Any CPU
		{612F0D96-94AF-4ED6-B3ED-E06388FE8D46}.Debug|Mixed Platforms.Build.0 = Debug|Any CPU
		{612F0D96-94AF-4ED6-B3ED-E06388FE8D46}.Debug|x64.ActiveCfg = Debug|Any CPU
		{612F0D96-94AF-4ED6-B3ED-E06388FE8D46}.Debug|x64.Build.0 = Debug|Any CPU
		{612F0D96-94AF-4ED6-B3ED-E06388FE8D46}.Debug|x86.ActiveCfg = Debug|Any CPU
		{612F0D96-94AF-4ED6-B3ED-E06388FE8D46}.Release|Any CPU.ActiveCfg = Release|Any CPU
		{612F0D96-94AF-4ED6-B3ED-E06388FE8D46}.Release|Any CPU.Build.0 = Release|Any CPU
		{612F0D96-94AF-4ED6-B3ED-E06388FE8D46}.Release|Mixed Platforms.ActiveCfg = Release|Any CPU
		{612F0D96-94AF-4ED6-B3ED-E06388FE8D46}.Release|Mixed Platforms.Build.0 = Release|Any CPU
		{612F0D96-94AF-4ED6-B3ED-E06388FE8D46}.Release|x64.ActiveCfg = Release|Any CPU
		{612F0D96-94AF-4ED6-B3ED-E06388FE8D46}.Release|x86.ActiveCfg = Release|Any CPU
		{9C4A6B0C-A823-4C2C-BEB9-533DDC1F40A2}.Debug|Any CPU.ActiveCfg = Debug|Any CPU
		{9C4A6B0C-A823-4C2C-BEB9-533DDC1F40A2}.Debug|Any CPU.Build.0 = Debug|Any CPU
		{9C4A6B0C-A823-4C2C-BEB9-533DDC1F40A2}.Debug|Mixed Platforms.ActiveCfg = Debug|Any CPU
		{9C4A6B0C-A823-4C2C-BEB9-533DDC1F40A2}.Debug|Mixed Platforms.Build.0 = Debug|Any CPU
		{9C4A6B0C-A823-4C2C-BEB9-533DDC1F40A2}.Debug|x64.ActiveCfg = Debug|Any CPU
		{9C4A6B0C-A823-4C2C-BEB9-533DDC1F40A2}.Debug|x64.Build.0 = Debug|Any CPU
		{9C4A6B0C-A823-4C2C-BEB9-533DDC1F40A2}.Debug|x86.ActiveCfg = Debug|Any CPU
		{9C4A6B0C-A823-4C2C-BEB9-533DDC1F40A2}.Release|Any CPU.ActiveCfg = Release|Any CPU
		{9C4A6B0C-A823-4C2C-BEB9-533DDC1F40A2}.Release|Any CPU.Build.0 = Release|Any CPU
		{9C4A6B0C-A823-4C2C-BEB9-533DDC1F40A2}.Release|Mixed Platforms.ActiveCfg = Release|Any CPU
		{9C4A6B0C-A823-4C2C-BEB9-533DDC1F40A2}.Release|Mixed Platforms.Build.0 = Release|Any CPU
		{9C4A6B0C-A823-4C2C-BEB9-533DDC1F40A2}.Release|x64.ActiveCfg = Release|Any CPU
		{9C4A6B0C-A823-4C2C-BEB9-533DDC1F40A2}.Release|x86.ActiveCfg = Release|Any CPU
	EndGlobalSection
	GlobalSection(SolutionProperties) = preSolution
		HideSolutionNode = FALSE
	EndGlobalSection
EndGlobal
